
Microsoft Visual Studio Solution File, Format Version 12.00
# Visual Studio 15
VisualStudioVersion = 15.0.27130.2010
MinimumVisualStudioVersion = 10.0.40219.1
Project("{FAE04EC0-301F-11D3-BF4B-00C04F79EFBC}") = "LanchesMac", "LanchesMac\LanchesMac.csproj", "{73985557-BAA6-43A4-8245-91493D0987E2}"
EndProject
Global
	GlobalSection(SolutionConfigurationPlatforms) = preSolution
		Debug|Any CPU = Debug|Any CPU
		Release|Any CPU = Release|Any CPU
	EndGlobalSection
	GlobalSection(ProjectConfigurationPlatforms) = postSolution
		{73985557-BAA6-43A4-8245-91493D0987E2}.Debug|Any CPU.ActiveCfg = Debug|Any CPU
		{73985557-BAA6-43A4-8245-91493D0987E2}.Debug|Any CPU.Build.0 = Debug|Any CPU
		{73985557-BAA6-43A4-8245-91493D0987E2}.Release|Any CPU.ActiveCfg = Release|Any CPU
		{73985557-BAA6-43A4-8245-91493D0987E2}.Release|Any CPU.Build.0 = Release|Any CPU
	EndGlobalSection
	GlobalSection(SolutionProperties) = preSolution
		HideSolutionNode = FALSE
	EndGlobalSection
	GlobalSection(ExtensibilityGlobals) = postSolution
		SolutionGuid = {D76B14AC-88E0-4A93-9457-4167C38ED457}
	EndGlobalSection
EndGlobal
